
Microsoft Visual Studio Solution File, Format Version 12.00
# Visual Studio 14
VisualStudioVersion = 14.0.25420.1
MinimumVisualStudioVersion = 10.0.40219.1
Project("{FAE04EC0-301F-11D3-BF4B-00C04F79EFBC}") = "SocketServer", "SocketServer\SocketServer.csproj", "{A94D4DB8-AC94-4CF1-94BB-4F98192B7008}"
EndProject
Project("{FAE04EC0-301F-11D3-BF4B-00C04F79EFBC}") = "RabbitMQSend", "RabbitMQSend\RabbitMQSend.csproj", "{1809DDE2-C004-4F68-9368-8882F131AF49}"
EndProject
Project("{FAE04EC0-301F-11D3-BF4B-00C04F79EFBC}") = "RabbitMQReceive", "RabbitMQReceive\RabbitMQReceive.csproj", "{77F8AED3-E281-4243-84FF-2F2A9E501123}"
EndProject
Project("{FAE04EC0-301F-11D3-BF4B-00C04F79EFBC}") = "ActiveMQReceive", "ActiveMQReceive\ActiveMQReceive.csproj", "{07B939E2-7C92-4DCF-88F0-14E846EB4648}"
EndProject
Project("{FAE04EC0-301F-11D3-BF4B-00C04F79EFBC}") = "webservice", "webservice\webservice.csproj", "{80DD88EE-F784-4287-B65C-A5037C27A8B7}"
EndProject
Project("{FAE04EC0-301F-11D3-BF4B-00C04F79EFBC}") = "ConsoleAppWeb", "ConsoleAppWeb\ConsoleAppWeb.csproj", "{7EB238E3-0595-4BB8-97A1-7586D5FB5380}"
EndProject
Global
	GlobalSection(SolutionConfigurationPlatforms) = preSolution
		Debug|Any CPU = Debug|Any CPU
		Release|Any CPU = Release|Any CPU
	EndGlobalSection
	GlobalSection(ProjectConfigurationPlatforms) = postSolution
		{A94D4DB8-AC94-4CF1-94BB-4F98192B7008}.Debug|Any CPU.ActiveCfg = Debug|Any CPU
		{A94D4DB8-AC94-4CF1-94BB-4F98192B7008}.Debug|Any CPU.Build.0 = Debug|Any CPU
		{A94D4DB8-AC94-4CF1-94BB-4F98192B7008}.Release|Any CPU.ActiveCfg = Release|Any CPU
		{A94D4DB8-AC94-4CF1-94BB-4F98192B7008}.Release|Any CPU.Build.0 = Release|Any CPU
		{1809DDE2-C004-4F68-9368-8882F131AF49}.Debug|Any CPU.ActiveCfg = Debug|Any CPU
		{1809DDE2-C004-4F68-9368-8882F131AF49}.Debug|Any CPU.Build.0 = Debug|Any CPU
		{1809DDE2-C004-4F68-9368-8882F131AF49}.Release|Any CPU.ActiveCfg = Release|Any CPU
		{1809DDE2-C004-4F68-9368-8882F131AF49}.Release|Any CPU.Build.0 = Release|Any CPU
		{77F8AED3-E281-4243-84FF-2F2A9E501123}.Debug|Any CPU.ActiveCfg = Debug|Any CPU
		{77F8AED3-E281-4243-84FF-2F2A9E501123}.Debug|Any CPU.Build.0 = Debug|Any CPU
		{77F8AED3-E281-4243-84FF-2F2A9E501123}.Release|Any CPU.ActiveCfg = Release|Any CPU
		{77F8AED3-E281-4243-84FF-2F2A9E501123}.Release|Any CPU.Build.0 = Release|Any CPU
		{07B939E2-7C92-4DCF-88F0-14E846EB4648}.Debug|Any CPU.ActiveCfg = Debug|Any CPU
		{07B939E2-7C92-4DCF-88F0-14E846EB4648}.Debug|Any CPU.Build.0 = Debug|Any CPU
		{07B939E2-7C92-4DCF-88F0-14E846EB4648}.Release|Any CPU.ActiveCfg = Release|Any CPU
		{07B939E2-7C92-4DCF-88F0-14E846EB4648}.Release|Any CPU.Build.0 = Release|Any CPU
		{80DD88EE-F784-4287-B65C-A5037C27A8B7}.Debug|Any CPU.ActiveCfg = Debug|Any CPU
		{80DD88EE-F784-4287-B65C-A5037C27A8B7}.Debug|Any CPU.Build.0 = Debug|Any CPU
		{80DD88EE-F784-4287-B65C-A5037C27A8B7}.Release|Any CPU.ActiveCfg = Release|Any CPU
		{80DD88EE-F784-4287-B65C-A5037C27A8B7}.Release|Any CPU.Build.0 = Release|Any CPU
		{7EB238E3-0595-4BB8-97A1-7586D5FB5380}.Debug|Any CPU.ActiveCfg = Debug|Any CPU
		{7EB238E3-0595-4BB8-97A1-7586D5FB5380}.Debug|Any CPU.Build.0 = Debug|Any CPU
		{7EB238E3-0595-4BB8-97A1-7586D5FB5380}.Release|Any CPU.ActiveCfg = Release|Any CPU
		{7EB238E3-0595-4BB8-97A1-7586D5FB5380}.Release|Any CPU.Build.0 = Release|Any CPU
	EndGlobalSection
	GlobalSection(SolutionProperties) = preSolution
		HideSolutionNode = FALSE
	EndGlobalSection
EndGlobal
